
Microsoft Visual Studio Solution File, Format Version 12.00
# Visual Studio Version 16
VisualStudioVersion = 16.0.31424.327
MinimumVisualStudioVersion = 10.0.40219.1
Project("{9A19103F-16F7-4668-BE54-9A1E7A4F7556}") = "lab1-3", "lab1-3\lab1-3.csproj", "{D0D4D238-A503-4B79-B19E-9DA4EAF3F385}"
EndProject
Project("{FAE04EC0-301F-11D3-BF4B-00C04F79EFBC}") = "lab1-3Tests", "lab1-3Tests\lab1-3Tests.csproj", "{EA673FA3-D5E8-4566-9B54-C8404120DF7A}"
EndProject
Global
	GlobalSection(SolutionConfigurationPlatforms) = preSolution
		Debug|Any CPU = Debug|Any CPU
		Release|Any CPU = Release|Any CPU
	EndGlobalSection
	GlobalSection(ProjectConfigurationPlatforms) = postSolution
		{D0D4D238-A503-4B79-B19E-9DA4EAF3F385}.Debug|Any CPU.ActiveCfg = Debug|Any CPU
		{D0D4D238-A503-4B79-B19E-9DA4EAF3F385}.Debug|Any CPU.Build.0 = Debug|Any CPU
		{D0D4D238-A503-4B79-B19E-9DA4EAF3F385}.Release|Any CPU.ActiveCfg = Release|Any CPU
		{D0D4D238-A503-4B79-B19E-9DA4EAF3F385}.Release|Any CPU.Build.0 = Release|Any CPU
		{EA673FA3-D5E8-4566-9B54-C8404120DF7A}.Debug|Any CPU.ActiveCfg = Debug|Any CPU
		{EA673FA3-D5E8-4566-9B54-C8404120DF7A}.Debug|Any CPU.Build.0 = Debug|Any CPU
		{EA673FA3-D5E8-4566-9B54-C8404120DF7A}.Release|Any CPU.ActiveCfg = Release|Any CPU
		{EA673FA3-D5E8-4566-9B54-C8404120DF7A}.Release|Any CPU.Build.0 = Release|Any CPU
	EndGlobalSection
	GlobalSection(SolutionProperties) = preSolution
		HideSolutionNode = FALSE
	EndGlobalSection
	GlobalSection(ExtensibilityGlobals) = postSolution
		SolutionGuid = {B95461E1-F0DF-4512-B883-36602933C0CA}
	EndGlobalSection
EndGlobal
